
Microsoft Visual Studio Solution File, Format Version 12.00
# Visual Studio Version 17
VisualStudioVersion = 17.8.34322.80
MinimumVisualStudioVersion = 10.0.40219.1
Project("{9A19103F-16F7-4668-BE54-9A1E7A4F7556}") = "BiometricEngine", "BiometricEngine\BiometricEngine.csproj", "{5D082584-C74E-4937-9797-69C444DEF983}"
EndProject
Project("{9A19103F-16F7-4668-BE54-9A1E7A4F7556}") = "Test", "Test\Test.csproj", "{8709A815-39C8-44B1-9EC0-1EF86B7C2E72}"
EndProject
Project("{FAE04EC0-301F-11D3-BF4B-00C04F79EFBC}") = "WebAPI", "WebAPI\WebAPI.csproj", "{337C68D9-0EA6-4C5E-BAFB-B3E3028ABF74}"
EndProject
Global
	GlobalSection(SolutionConfigurationPlatforms) = preSolution
		Debug|Any CPU = Debug|Any CPU
		Release|Any CPU = Release|Any CPU
	EndGlobalSection
	GlobalSection(ProjectConfigurationPlatforms) = postSolution
		{5D082584-C74E-4937-9797-69C444DEF983}.Debug|Any CPU.ActiveCfg = Debug|Any CPU
		{5D082584-C74E-4937-9797-69C444DEF983}.Debug|Any CPU.Build.0 = Debug|Any CPU
		{5D082584-C74E-4937-9797-69C444DEF983}.Release|Any CPU.ActiveCfg = Release|Any CPU
		{5D082584-C74E-4937-9797-69C444DEF983}.Release|Any CPU.Build.0 = Release|Any CPU
		{8709A815-39C8-44B1-9EC0-1EF86B7C2E72}.Debug|Any CPU.ActiveCfg = Debug|Any CPU
		{8709A815-39C8-44B1-9EC0-1EF86B7C2E72}.Debug|Any CPU.Build.0 = Debug|Any CPU
		{8709A815-39C8-44B1-9EC0-1EF86B7C2E72}.Release|Any CPU.ActiveCfg = Release|Any CPU
		{8709A815-39C8-44B1-9EC0-1EF86B7C2E72}.Release|Any CPU.Build.0 = Release|Any CPU
		{337C68D9-0EA6-4C5E-BAFB-B3E3028ABF74}.Debug|Any CPU.ActiveCfg = Debug|Any CPU
		{337C68D9-0EA6-4C5E-BAFB-B3E3028ABF74}.Debug|Any CPU.Build.0 = Debug|Any CPU
		{337C68D9-0EA6-4C5E-BAFB-B3E3028ABF74}.Release|Any CPU.ActiveCfg = Release|Any CPU
		{337C68D9-0EA6-4C5E-BAFB-B3E3028ABF74}.Release|Any CPU.Build.0 = Release|Any CPU
	EndGlobalSection
	GlobalSection(SolutionProperties) = preSolution
		HideSolutionNode = FALSE
	EndGlobalSection
	GlobalSection(ExtensibilityGlobals) = postSolution
		SolutionGuid = {AC9E8FC1-91CB-4E08-A943-9B9579705680}
	EndGlobalSection
EndGlobal
